
Microsoft Visual Studio Solution File, Format Version 12.00
# Visual Studio Version 17
VisualStudioVersion = 17.4.33205.214
MinimumVisualStudioVersion = 10.0.40219.1
Project("{9A19103F-16F7-4668-BE54-9A1E7A4F7556}") = "01. Unique PIN Codes", "01. Unique PIN Codes\01. Unique PIN Codes.csproj", "{36ECCFDE-8635-4EC5-9D7B-BDF10DB08119}"
EndProject
Project("{9A19103F-16F7-4668-BE54-9A1E7A4F7556}") = "02. Letters Combinations", "02. Letters Combinations\02. Letters Combinations.csproj", "{48817793-8E1F-4A9C-A013-89DD652739EA}"
EndProject
Project("{9A19103F-16F7-4668-BE54-9A1E7A4F7556}") = "03. Lucky Numbers", "03. Lucky Numbers\03. Lucky Numbers.csproj", "{84C6348D-63B8-4560-9845-637AFD2D50B5}"
EndProject
Project("{9A19103F-16F7-4668-BE54-9A1E7A4F7556}") = "04. Car Number", "04. Car Number\04. Car Number.csproj", "{5C695880-5F24-4EB7-AB14-72CB6F2AAA79}"
EndProject
Project("{9A19103F-16F7-4668-BE54-9A1E7A4F7556}") = "05. Challenge the Wedding", "05. Challenge the Wedding\05. Challenge the Wedding.csproj", "{3004CBE7-86DC-4548-8D53-941A592BD728}"
EndProject
Project("{9A19103F-16F7-4668-BE54-9A1E7A4F7556}") = "06. Wedding Seats", "06. Wedding Seats\06. Wedding Seats.csproj", "{E2AEFB65-82ED-4D25-8661-2B6952CDCC73}"
EndProject
Project("{FAE04EC0-301F-11D3-BF4B-00C04F79EFBC}") = "07. Safe Passwords Generator", "07. Safe Passwords Generator\07. Safe Passwords Generator.csproj", "{DA5F00B9-5640-4888-88E6-50CA7BAD0C2C}"
EndProject
Project("{FAE04EC0-301F-11D3-BF4B-00C04F79EFBC}") = "08. Secret Door's Lock", "08. Secret Door's Lock\08. Secret Door's Lock.csproj", "{0234F471-98CD-4D29-A112-BB2DFD4771BB}"
EndProject
Project("{FAE04EC0-301F-11D3-BF4B-00C04F79EFBC}") = "09. Sum of Two Numbers", "09. Sum of Two Numbers\09. Sum of Two Numbers.csproj", "{7B13B216-D080-4EC6-8B60-761E4A0E50C9}"
EndProject
Project("{FAE04EC0-301F-11D3-BF4B-00C04F79EFBC}") = "10. Profit", "10. Profit\10. Profit.csproj", "{CCF36A0D-71AE-4F8D-9DD2-07134E303697}"
EndProject
Project("{FAE04EC0-301F-11D3-BF4B-00C04F79EFBC}") = "11. HappyCat Parking", "11. HappyCat Parking\11. HappyCat Parking.csproj", "{B614F96F-7FF5-461A-B072-8A443A494980}"
EndProject
Project("{FAE04EC0-301F-11D3-BF4B-00C04F79EFBC}") = "12. The song of the wheels", "12. The song of the wheels\12. The song of the wheels.csproj", "{E310068E-A6C2-457D-A24C-EC99E291765F}"
EndProject
Project("{FAE04EC0-301F-11D3-BF4B-00C04F79EFBC}") = "13. Prime Pairs", "13. Prime Pairs\13. Prime Pairs.csproj", "{4905EDDA-30DB-4815-AF3E-41BD39EC4939}"
EndProject
Project("{FAE04EC0-301F-11D3-BF4B-00C04F79EFBC}") = "14. Password Generator", "14. Password Generator\14. Password Generator.csproj", "{4EE8C776-C80B-46EF-A9B3-5C0BF44CBFBB}"
EndProject
Global
	GlobalSection(SolutionConfigurationPlatforms) = preSolution
		Debug|Any CPU = Debug|Any CPU
		Release|Any CPU = Release|Any CPU
	EndGlobalSection
	GlobalSection(ProjectConfigurationPlatforms) = postSolution
		{36ECCFDE-8635-4EC5-9D7B-BDF10DB08119}.Debug|Any CPU.ActiveCfg = Debug|Any CPU
		{36ECCFDE-8635-4EC5-9D7B-BDF10DB08119}.Debug|Any CPU.Build.0 = Debug|Any CPU
		{36ECCFDE-8635-4EC5-9D7B-BDF10DB08119}.Release|Any CPU.ActiveCfg = Release|Any CPU
		{36ECCFDE-8635-4EC5-9D7B-BDF10DB08119}.Release|Any CPU.Build.0 = Release|Any CPU
		{48817793-8E1F-4A9C-A013-89DD652739EA}.Debug|Any CPU.ActiveCfg = Debug|Any CPU
		{48817793-8E1F-4A9C-A013-89DD652739EA}.Debug|Any CPU.Build.0 = Debug|Any CPU
		{48817793-8E1F-4A9C-A013-89DD652739EA}.Release|Any CPU.ActiveCfg = Release|Any CPU
		{48817793-8E1F-4A9C-A013-89DD652739EA}.Release|Any CPU.Build.0 = Release|Any CPU
		{84C6348D-63B8-4560-9845-637AFD2D50B5}.Debug|Any CPU.ActiveCfg = Debug|Any CPU
		{84C6348D-63B8-4560-9845-637AFD2D50B5}.Debug|Any CPU.Build.0 = Debug|Any CPU
		{84C6348D-63B8-4560-9845-637AFD2D50B5}.Release|Any CPU.ActiveCfg = Release|Any CPU
		{84C6348D-63B8-4560-9845-637AFD2D50B5}.Release|Any CPU.Build.0 = Release|Any CPU
		{5C695880-5F24-4EB7-AB14-72CB6F2AAA79}.Debug|Any CPU.ActiveCfg = Debug|Any CPU
		{5C695880-5F24-4EB7-AB14-72CB6F2AAA79}.Debug|Any CPU.Build.0 = Debug|Any CPU
		{5C695880-5F24-4EB7-AB14-72CB6F2AAA79}.Release|Any CPU.ActiveCfg = Release|Any CPU
		{5C695880-5F24-4EB7-AB14-72CB6F2AAA79}.Release|Any CPU.Build.0 = Release|Any CPU
		{3004CBE7-86DC-4548-8D53-941A592BD728}.Debug|Any CPU.ActiveCfg = Debug|Any CPU
		{3004CBE7-86DC-4548-8D53-941A592BD728}.Debug|Any CPU.Build.0 = Debug|Any CPU
		{3004CBE7-86DC-4548-8D53-941A592BD728}.Release|Any CPU.ActiveCfg = Release|Any CPU
		{3004CBE7-86DC-4548-8D53-941A592BD728}.Release|Any CPU.Build.0 = Release|Any CPU
		{E2AEFB65-82ED-4D25-8661-2B6952CDCC73}.Debug|Any CPU.ActiveCfg = Debug|Any CPU
		{E2AEFB65-82ED-4D25-8661-2B6952CDCC73}.Debug|Any CPU.Build.0 = Debug|Any CPU
		{E2AEFB65-82ED-4D25-8661-2B6952CDCC73}.Release|Any CPU.ActiveCfg = Release|Any CPU
		{E2AEFB65-82ED-4D25-8661-2B6952CDCC73}.Release|Any CPU.Build.0 = Release|Any CPU
		{DA5F00B9-5640-4888-88E6-50CA7BAD0C2C}.Debug|Any CPU.ActiveCfg = Debug|Any CPU
		{DA5F00B9-5640-4888-88E6-50CA7BAD0C2C}.Debug|Any CPU.Build.0 = Debug|Any CPU
		{DA5F00B9-5640-4888-88E6-50CA7BAD0C2C}.Release|Any CPU.ActiveCfg = Release|Any CPU
		{DA5F00B9-5640-4888-88E6-50CA7BAD0C2C}.Release|Any CPU.Build.0 = Release|Any CPU
		{0234F471-98CD-4D29-A112-BB2DFD4771BB}.Debug|Any CPU.ActiveCfg = Debug|Any CPU
		{0234F471-98CD-4D29-A112-BB2DFD4771BB}.Debug|Any CPU.Build.0 = Debug|Any CPU
		{0234F471-98CD-4D29-A112-BB2DFD4771BB}.Release|Any CPU.ActiveCfg = Release|Any CPU
		{0234F471-98CD-4D29-A112-BB2DFD4771BB}.Release|Any CPU.Build.0 = Release|Any CPU
		{7B13B216-D080-4EC6-8B60-761E4A0E50C9}.Debug|Any CPU.ActiveCfg = Debug|Any CPU
		{7B13B216-D080-4EC6-8B60-761E4A0E50C9}.Debug|Any CPU.Build.0 = Debug|Any CPU
		{7B13B216-D080-4EC6-8B60-761E4A0E50C9}.Release|Any CPU.ActiveCfg = Release|Any CPU
		{7B13B216-D080-4EC6-8B60-761E4A0E50C9}.Release|Any CPU.Build.0 = Release|Any CPU
		{CCF36A0D-71AE-4F8D-9DD2-07134E303697}.Debug|Any CPU.ActiveCfg = Debug|Any CPU
		{CCF36A0D-71AE-4F8D-9DD2-07134E303697}.Debug|Any CPU.Build.0 = Debug|Any CPU
		{CCF36A0D-71AE-4F8D-9DD2-07134E303697}.Release|Any CPU.ActiveCfg = Release|Any CPU
		{CCF36A0D-71AE-4F8D-9DD2-07134E303697}.Release|Any CPU.Build.0 = Release|Any CPU
		{B614F96F-7FF5-461A-B072-8A443A494980}.Debug|Any CPU.ActiveCfg = Debug|Any CPU
		{B614F96F-7FF5-461A-B072-8A443A494980}.Debug|Any CPU.Build.0 = Debug|Any CPU
		{B614F96F-7FF5-461A-B072-8A443A494980}.Release|Any CPU.ActiveCfg = Release|Any CPU
		{B614F96F-7FF5-461A-B072-8A443A494980}.Release|Any CPU.Build.0 = Release|Any CPU
		{E310068E-A6C2-457D-A24C-EC99E291765F}.Debug|Any CPU.ActiveCfg = Debug|Any CPU
		{E310068E-A6C2-457D-A24C-EC99E291765F}.Debug|Any CPU.Build.0 = Debug|Any CPU
		{E310068E-A6C2-457D-A24C-EC99E291765F}.Release|Any CPU.ActiveCfg = Release|Any CPU
		{E310068E-A6C2-457D-A24C-EC99E291765F}.Release|Any CPU.Build.0 = Release|Any CPU
		{4905EDDA-30DB-4815-AF3E-41BD39EC4939}.Debug|Any CPU.ActiveCfg = Debug|Any CPU
		{4905EDDA-30DB-4815-AF3E-41BD39EC4939}.Debug|Any CPU.Build.0 = Debug|Any CPU
		{4905EDDA-30DB-4815-AF3E-41BD39EC4939}.Release|Any CPU.ActiveCfg = Release|Any CPU
		{4905EDDA-30DB-4815-AF3E-41BD39EC4939}.Release|Any CPU.Build.0 = Release|Any CPU
		{4EE8C776-C80B-46EF-A9B3-5C0BF44CBFBB}.Debug|Any CPU.ActiveCfg = Debug|Any CPU
		{4EE8C776-C80B-46EF-A9B3-5C0BF44CBFBB}.Debug|Any CPU.Build.0 = Debug|Any CPU
		{4EE8C776-C80B-46EF-A9B3-5C0BF44CBFBB}.Release|Any CPU.ActiveCfg = Release|Any CPU
		{4EE8C776-C80B-46EF-A9B3-5C0BF44CBFBB}.Release|Any CPU.Build.0 = Release|Any CPU
	EndGlobalSection
	GlobalSection(SolutionProperties) = preSolution
		HideSolutionNode = FALSE
	EndGlobalSection
	GlobalSection(ExtensibilityGlobals) = postSolution
		SolutionGuid = {CFFDEF24-C3A4-4AB4-B33C-3DAE5C14AABD}
	EndGlobalSection
EndGlobal
