
Microsoft Visual Studio Solution File, Format Version 12.00
# Visual Studio Version 17
VisualStudioVersion = 17.4.33205.214
MinimumVisualStudioVersion = 10.0.40219.1
Project("{9A19103F-16F7-4668-BE54-9A1E7A4F7556}") = "01. Sum Seconds", "01. Sum Seconds\01. Sum Seconds.csproj", "{06D050C8-9233-4B0B-BE53-31A40BE44B8D}"
EndProject
Project("{9A19103F-16F7-4668-BE54-9A1E7A4F7556}") = "02. Bonus Score", "02. Bonus Score\02. Bonus Score.csproj", "{91E4A12C-9763-488A-9414-625959C17794}"
EndProject
Project("{9A19103F-16F7-4668-BE54-9A1E7A4F7556}") = "03. Time + 15 Minutes", "03. Time + 15 Minutes\03. Time + 15 Minutes.csproj", "{7085067B-4E12-4B06-B26E-9642B03B8380}"
EndProject
Project("{9A19103F-16F7-4668-BE54-9A1E7A4F7556}") = "04. Toy Shop", "04. Toy Shop\04. Toy Shop.csproj", "{5A524131-04BA-46DD-87B6-10AE14722DA5}"
EndProject
Project("{9A19103F-16F7-4668-BE54-9A1E7A4F7556}") = "05. Godzilla vs. Kong", "05. Godzilla vs. Kong\05. Godzilla vs. Kong.csproj", "{387E24BF-8A69-4385-859C-0EC8C5D6B8A7}"
EndProject
Project("{9A19103F-16F7-4668-BE54-9A1E7A4F7556}") = "06. World Swimming Record", "06. World Swimming Record\06. World Swimming Record.csproj", "{A3A80192-E643-4E76-8647-736337FE5EB2}"
EndProject
Project("{9A19103F-16F7-4668-BE54-9A1E7A4F7556}") = "07. Shopping", "07. Shopping\07. Shopping.csproj", "{F3A05E72-8D99-495A-B166-C458E59EF23F}"
EndProject
Project("{9A19103F-16F7-4668-BE54-9A1E7A4F7556}") = "08. Lunch Break", "08. Lunch Break\08. Lunch Break.csproj", "{825D92C8-B165-4CD7-807F-DF2E8DA5CC2F}"
EndProject
Global
	GlobalSection(SolutionConfigurationPlatforms) = preSolution
		Debug|Any CPU = Debug|Any CPU
		Release|Any CPU = Release|Any CPU
	EndGlobalSection
	GlobalSection(ProjectConfigurationPlatforms) = postSolution
		{06D050C8-9233-4B0B-BE53-31A40BE44B8D}.Debug|Any CPU.ActiveCfg = Debug|Any CPU
		{06D050C8-9233-4B0B-BE53-31A40BE44B8D}.Debug|Any CPU.Build.0 = Debug|Any CPU
		{06D050C8-9233-4B0B-BE53-31A40BE44B8D}.Release|Any CPU.ActiveCfg = Release|Any CPU
		{06D050C8-9233-4B0B-BE53-31A40BE44B8D}.Release|Any CPU.Build.0 = Release|Any CPU
		{91E4A12C-9763-488A-9414-625959C17794}.Debug|Any CPU.ActiveCfg = Debug|Any CPU
		{91E4A12C-9763-488A-9414-625959C17794}.Debug|Any CPU.Build.0 = Debug|Any CPU
		{91E4A12C-9763-488A-9414-625959C17794}.Release|Any CPU.ActiveCfg = Release|Any CPU
		{91E4A12C-9763-488A-9414-625959C17794}.Release|Any CPU.Build.0 = Release|Any CPU
		{7085067B-4E12-4B06-B26E-9642B03B8380}.Debug|Any CPU.ActiveCfg = Debug|Any CPU
		{7085067B-4E12-4B06-B26E-9642B03B8380}.Debug|Any CPU.Build.0 = Debug|Any CPU
		{7085067B-4E12-4B06-B26E-9642B03B8380}.Release|Any CPU.ActiveCfg = Release|Any CPU
		{7085067B-4E12-4B06-B26E-9642B03B8380}.Release|Any CPU.Build.0 = Release|Any CPU
		{5A524131-04BA-46DD-87B6-10AE14722DA5}.Debug|Any CPU.ActiveCfg = Debug|Any CPU
		{5A524131-04BA-46DD-87B6-10AE14722DA5}.Debug|Any CPU.Build.0 = Debug|Any CPU
		{5A524131-04BA-46DD-87B6-10AE14722DA5}.Release|Any CPU.ActiveCfg = Release|Any CPU
		{5A524131-04BA-46DD-87B6-10AE14722DA5}.Release|Any CPU.Build.0 = Release|Any CPU
		{387E24BF-8A69-4385-859C-0EC8C5D6B8A7}.Debug|Any CPU.ActiveCfg = Debug|Any CPU
		{387E24BF-8A69-4385-859C-0EC8C5D6B8A7}.Debug|Any CPU.Build.0 = Debug|Any CPU
		{387E24BF-8A69-4385-859C-0EC8C5D6B8A7}.Release|Any CPU.ActiveCfg = Release|Any CPU
		{387E24BF-8A69-4385-859C-0EC8C5D6B8A7}.Release|Any CPU.Build.0 = Release|Any CPU
		{A3A80192-E643-4E76-8647-736337FE5EB2}.Debug|Any CPU.ActiveCfg = Debug|Any CPU
		{A3A80192-E643-4E76-8647-736337FE5EB2}.Debug|Any CPU.Build.0 = Debug|Any CPU
		{A3A80192-E643-4E76-8647-736337FE5EB2}.Release|Any CPU.ActiveCfg = Release|Any CPU
		{A3A80192-E643-4E76-8647-736337FE5EB2}.Release|Any CPU.Build.0 = Release|Any CPU
		{F3A05E72-8D99-495A-B166-C458E59EF23F}.Debug|Any CPU.ActiveCfg = Debug|Any CPU
		{F3A05E72-8D99-495A-B166-C458E59EF23F}.Debug|Any CPU.Build.0 = Debug|Any CPU
		{F3A05E72-8D99-495A-B166-C458E59EF23F}.Release|Any CPU.ActiveCfg = Release|Any CPU
		{F3A05E72-8D99-495A-B166-C458E59EF23F}.Release|Any CPU.Build.0 = Release|Any CPU
		{825D92C8-B165-4CD7-807F-DF2E8DA5CC2F}.Debug|Any CPU.ActiveCfg = Debug|Any CPU
		{825D92C8-B165-4CD7-807F-DF2E8DA5CC2F}.Debug|Any CPU.Build.0 = Debug|Any CPU
		{825D92C8-B165-4CD7-807F-DF2E8DA5CC2F}.Release|Any CPU.ActiveCfg = Release|Any CPU
		{825D92C8-B165-4CD7-807F-DF2E8DA5CC2F}.Release|Any CPU.Build.0 = Release|Any CPU
	EndGlobalSection
	GlobalSection(SolutionProperties) = preSolution
		HideSolutionNode = FALSE
	EndGlobalSection
	GlobalSection(ExtensibilityGlobals) = postSolution
		SolutionGuid = {D72DD04A-20D4-4E71-A6A8-21411C2A61A7}
	EndGlobalSection
EndGlobal
